{
  "nodes": {
    "apple-fonts": {
      "inputs": {
        "nixpkgs": [
          "nixpkgs"
        ],
        "ny": "ny",
        "sf-arabic": "sf-arabic",
        "sf-armenian": "sf-armenian",
        "sf-compact": "sf-compact",
        "sf-georgian": "sf-georgian",
        "sf-hebrew": "sf-hebrew",
        "sf-mono": "sf-mono",
        "sf-pro": "sf-pro"
      },
      "locked": {
        "lastModified": 1772251183,
        "narHash": "sha256-Zfr9trB8LaesfpupugDgXPqC4F25MO18kyMyb9b2PkM=",
        "owner": "Lyndeno",
        "repo": "apple-fonts.nix",
        "rev": "f8dad87c2cb956695d18c1f36360322d8a0b7d63",
        "type": "github"
      },
      "original": {
        "owner": "Lyndeno",
        "repo": "apple-fonts.nix",
        "type": "github"
      }
    },
    "flake-utils": {
      "inputs": {
        "systems": [
          "nix-yazi-plugins",
          "systems"
        ]
      },
      "locked": {
        "lastModified": 1731533236,
        "narHash": "sha256-l0KFg5HjrsfsO/JpG+r7fRrqm12kzFHyUHqHCVpMMbI=",
        "owner": "numtide",
        "repo": "flake-utils",
        "rev": "11707dc2f618dd54ca8739b309ec4fc024de578b",
        "type": "github"
      },
      "original": {
        "owner": "numtide",
        "repo": "flake-utils",
        "type": "github"
      }
    },
    "flake-utils-plus": {
      "inputs": {
        "flake-utils": [
          "nix-yazi-plugins",
          "flake-utils"
        ]
      },
      "locked": {
        "lastModified": 1696281284,
        "narHash": "sha256-xcmtTmoiiAOSk4abifbtqVZk0iwBcqJfg47iUbkwhcE=",
        "owner": "gytis-ivaskevicius",
        "repo": "flake-utils-plus",
        "rev": "6cf1e312fb259693c4930d07ca3cbe1d07ef4a48",
        "type": "github"
      },
      "original": {
        "owner": "gytis-ivaskevicius",
        "ref": "v1.4.0",
        "repo": "flake-utils-plus",
        "type": "github"
      }
    },
    "haumea": {
      "inputs": {
        "nixpkgs": [
          "nix-yazi-plugins",
          "nixpkgs"
        ]
      },
      "locked": {
        "lastModified": 1685133229,
        "narHash": "sha256-FePm/Gi9PBSNwiDFq3N+DWdfxFq0UKsVVTJS3cQPn94=",
        "owner": "nix-community",
        "repo": "haumea",
        "rev": "34dd58385092a23018748b50f9b23de6266dffc2",
        "type": "github"
      },
      "original": {
        "owner": "nix-community",
        "ref": "v0.2.2",
        "repo": "haumea",
        "type": "github"
      }
    },
    "home-manager": {
      "inputs": {
        "nixpkgs": [
          "nixpkgs"
        ]
      },
      "locked": {
        "lastModified": 1774379316,
        "narHash": "sha256-0nGNxWDUH2Hzlj/R3Zf4FEK6fsFNB/dvewuboSRZqiI=",
        "owner": "nix-community",
        "repo": "home-manager",
        "rev": "1eb0549a1ab3fe3f5acf86668249be15fa0e64f7",
        "type": "github"
      },
      "original": {
        "owner": "nix-community",
        "repo": "home-manager",
        "type": "github"
      }
    },
    "nix-yazi-plugins": {
      "inputs": {
        "flake-utils": "flake-utils",
        "flake-utils-plus": "flake-utils-plus",
        "haumea": "haumea",
        "nixpkgs": [
          "nixpkgs"
        ],
        "systems": "systems"
      },
      "locked": {
        "lastModified": 1769120467,
        "narHash": "sha256-cIU51ql/5Vm9hAxUBMbE2m1iYBy9j59wv18o8Ox7vzo=",
        "owner": "lordkekz",
        "repo": "nix-yazi-plugins",
        "rev": "c7a74e58e6b3275ff561e19e789dfd7ccd2caa5a",
        "type": "github"
      },
      "original": {
        "owner": "lordkekz",
        "repo": "nix-yazi-plugins",
        "type": "github"
      }
    },
    "nixpkgs": {
      "locked": {
        "lastModified": 1774106199,
        "narHash": "sha256-US5Tda2sKmjrg2lNHQL3jRQ6p96cgfWh3J1QBliQ8Ws=",
        "owner": "NixOS",
        "repo": "nixpkgs",
        "rev": "6c9a78c09ff4d6c21d0319114873508a6ec01655",
        "type": "github"
      },
      "original": {
        "owner": "NixOS",
        "ref": "nixos-unstable",
        "repo": "nixpkgs",
        "type": "github"
      }
    },
    "ny": {
      "flake": false,
      "locked": {
        "narHash": "sha256-3257NAH4qlan2YHVLpNRy7x8IJqR2pal3OzFo/ykqXs=",
        "type": "file",
        "url": "https://devimages-cdn.apple.com/design/resources/download/NY.dmg"
      },
      "original": {
        "type": "file",
        "url": "https://devimages-cdn.apple.com/design/resources/download/NY.dmg"
      }
    },
    "root": {
      "inputs": {
        "apple-fonts": "apple-fonts",
        "home-manager": "home-manager",
        "nix-yazi-plugins": "nix-yazi-plugins",
        "nixpkgs": "nixpkgs"
      }
    },
    "sf-arabic": {
      "flake": false,
      "locked": {
        "narHash": "sha256-/0gjRimqvZyE60xYxxPdlU+7Q2LJnnvtbmwOP0YmS9U=",
        "type": "file",
        "url": "https://devimages-cdn.apple.com/design/resources/download/SF-Arabic.dmg"
      },
      "original": {
        "type": "file",
        "url": "https://devimages-cdn.apple.com/design/resources/download/SF-Arabic.dmg"
      }
    },
    "sf-armenian": {
      "flake": false,
      "locked": {
        "narHash": "sha256-rRoDkbNMYkzOHZmQm96Zv80TZvRlAeoxkv4pMHP5nUg=",
        "type": "file",
        "url": "https://devimages-cdn.apple.com/design/resources/download/SF-Armenian.dmg"
      },
      "original": {
        "type": "file",
        "url": "https://devimages-cdn.apple.com/design/resources/download/SF-Armenian.dmg"
      }
    },
    "sf-compact": {
      "flake": false,
      "locked": {
        "narHash": "sha256-oLhkN4HYkU1Xjxk+xdmyxJmROSzo1qd/tafdxw7icxs=",
        "type": "file",
        "url": "https://devimages-cdn.apple.com/design/resources/download/SF-Compact.dmg"
      },
      "original": {
        "type": "file",
        "url": "https://devimages-cdn.apple.com/design/resources/download/SF-Compact.dmg"
      }
    },
    "sf-georgian": {
      "flake": false,
      "locked": {
        "narHash": "sha256-IevVNOC28IiR45YfI3PsZzXLMRxuB5u7UiE53Zn6tRU=",
        "type": "file",
        "url": "https://devimages-cdn.apple.com/design/resources/download/SF-Georgian.dmg"
      },
      "original": {
        "type": "file",
        "url": "https://devimages-cdn.apple.com/design/resources/download/SF-Georgian.dmg"
      }
    },
    "sf-hebrew": {
      "flake": false,
      "locked": {
        "narHash": "sha256-Dw84kYwMpCtKKKqm8cZcQ9TZ7GayU5MO7W0LJw0Rcwk=",
        "type": "file",
        "url": "https://devimages-cdn.apple.com/design/resources/download/SF-Hebrew.dmg"
      },
      "original": {
        "type": "file",
        "url": "https://devimages-cdn.apple.com/design/resources/download/SF-Hebrew.dmg"
      }
    },
    "sf-mono": {
      "flake": false,
      "locked": {
        "narHash": "sha256-ICdHRFdNL7PM/fXJUzS7LgZxZiqcyIuCMHLze4En4vg=",
        "type": "file",
        "url": "https://devimages-cdn.apple.com/design/resources/download/SF-Mono.dmg"
      },
      "original": {
        "type": "file",
        "url": "https://devimages-cdn.apple.com/design/resources/download/SF-Mono.dmg"
      }
    },
    "sf-pro": {
      "flake": false,
      "locked": {
        "narHash": "sha256-s42hsaUe0Vkaw5yw8G7G3W3AYJb2TPqSlMqPyY0e5WU=",
        "type": "file",
        "url": "https://devimages-cdn.apple.com/design/resources/download/SF-Pro.dmg"
      },
      "original": {
        "type": "file",
        "url": "https://devimages-cdn.apple.com/design/resources/download/SF-Pro.dmg"
      }
    },
    "systems": {
      "locked": {
        "lastModified": 1681028828,
        "narHash": "sha256-Vy1rq5AaRuLzOxct8nz4T6wlgyUR7zLU309k9mBC768=",
        "owner": "nix-systems",
        "repo": "default",
        "rev": "da67096a3b9bf56a91d16901293e51ba5b49a27e",
        "type": "github"
      },
      "original": {
        "owner": "nix-systems",
        "repo": "default",
        "type": "github"
      }
    }
  },
  "root": "root",
  "version": 7
}
